
Microsoft Visual Studio Solution File, Format Version 12.00
# Visual Studio Version 17
VisualStudioVersion = 17.8.34525.116
MinimumVisualStudioVersion = 10.0.40219.1
Project("{FAE04EC0-301F-11D3-BF4B-00C04F79EFBC}") = "eUseControl.Web", "eUseControl.Web\eUseControl.Web.csproj", "{C00154DF-957E-42F4-B4B4-2E4F2487166D}"
EndProject
Global
	GlobalSection(SolutionConfigurationPlatforms) = preSolution
		Debug|Any CPU = Debug|Any CPU
		Release|Any CPU = Release|Any CPU
	EndGlobalSection
	GlobalSection(ProjectConfigurationPlatforms) = postSolution
		{C00154DF-957E-42F4-B4B4-2E4F2487166D}.Debug|Any CPU.ActiveCfg = Debug|Any CPU
		{C00154DF-957E-42F4-B4B4-2E4F2487166D}.Debug|Any CPU.Build.0 = Debug|Any CPU
		{C00154DF-957E-42F4-B4B4-2E4F2487166D}.Release|Any CPU.ActiveCfg = Release|Any CPU
		{C00154DF-957E-42F4-B4B4-2E4F2487166D}.Release|Any CPU.Build.0 = Release|Any CPU
	EndGlobalSection
	GlobalSection(SolutionProperties) = preSolution
		HideSolutionNode = FALSE
	EndGlobalSection
	GlobalSection(ExtensibilityGlobals) = postSolution
		SolutionGuid = {54A5C741-06C6-4769-90C8-8AFAD7119B31}
	EndGlobalSection
EndGlobal
